
Microsoft Visual Studio Solution File, Format Version 12.00
Project("{2150E333-8FDC-42A3-9474-1A3956D46DE8}") = "src", "src", "{CB76BF2F-C3B4-453C-AB6E-FE61CF72C3FA}"
EndProject
Project("{2150E333-8FDC-42A3-9474-1A3956D46DE8}") = "tests", "tests", "{6527C3B6-C1DA-4325-B0F6-18AE7ACFD791}"
EndProject
Project("{FAE04EC0-301F-11D3-BF4B-00C04F79EFBC}") = "CoreAdc.NitroValidator", "CoreAdc.NitroValidator\CoreAdc.NitroValidator.csproj", "{6263AE11-F63A-41DE-92A3-7C23F1E87577}"
EndProject
Project("{FAE04EC0-301F-11D3-BF4B-00C04F79EFBC}") = "CoreAdc.Nitro", "CoreAdc.Nitro\CoreAdc.Nitro.csproj", "{85303D67-11B3-447A-A76A-AE39EBFDA78E}"
EndProject
Global
	GlobalSection(SolutionConfigurationPlatforms) = preSolution
		Debug|Any CPU = Debug|Any CPU
		Release|Any CPU = Release|Any CPU
	EndGlobalSection
	GlobalSection(NestedProjects) = preSolution
		{6263AE11-F63A-41DE-92A3-7C23F1E87577} = {CB76BF2F-C3B4-453C-AB6E-FE61CF72C3FA}
		{85303D67-11B3-447A-A76A-AE39EBFDA78E} = {CB76BF2F-C3B4-453C-AB6E-FE61CF72C3FA}
	EndGlobalSection
	GlobalSection(ProjectConfigurationPlatforms) = postSolution
		{6263AE11-F63A-41DE-92A3-7C23F1E87577}.Debug|Any CPU.ActiveCfg = Debug|Any CPU
		{6263AE11-F63A-41DE-92A3-7C23F1E87577}.Debug|Any CPU.Build.0 = Debug|Any CPU
		{6263AE11-F63A-41DE-92A3-7C23F1E87577}.Release|Any CPU.ActiveCfg = Release|Any CPU
		{6263AE11-F63A-41DE-92A3-7C23F1E87577}.Release|Any CPU.Build.0 = Release|Any CPU
		{85303D67-11B3-447A-A76A-AE39EBFDA78E}.Debug|Any CPU.ActiveCfg = Debug|Any CPU
		{85303D67-11B3-447A-A76A-AE39EBFDA78E}.Debug|Any CPU.Build.0 = Debug|Any CPU
		{85303D67-11B3-447A-A76A-AE39EBFDA78E}.Release|Any CPU.ActiveCfg = Release|Any CPU
		{85303D67-11B3-447A-A76A-AE39EBFDA78E}.Release|Any CPU.Build.0 = Release|Any CPU
	EndGlobalSection
EndGlobal
