
Microsoft Visual Studio Solution File, Format Version 12.00
Project("{2150E333-8FDC-42A3-9474-1A3956D46DE8}") = "src", "src", "{CB76BF2F-C3B4-453C-AB6E-FE61CF72C3FA}"
EndProject
Project("{2150E333-8FDC-42A3-9474-1A3956D46DE8}") = "tests", "tests", "{6527C3B6-C1DA-4325-B0F6-18AE7ACFD791}"
EndProject
Project("{FAE04EC0-301F-11D3-BF4B-00C04F79EFBC}") = "CoreAdc.NitroApi", "CoreAdc.NitroApi\CoreAdc.NitroApi.csproj", "{18331E05-8B60-4DD2-9BD4-6C95613EE728}"
EndProject
Project("{FAE04EC0-301F-11D3-BF4B-00C04F79EFBC}") = "CoreAdc.NitroClient", "CoreAdc.NitroClient\CoreAdc.NitroClient.csproj", "{76FE1134-628A-46CA-BC69-4B6180C7B893}"
EndProject
Project("{FAE04EC0-301F-11D3-BF4B-00C04F79EFBC}") = "CoreAdc.NitroCommands", "CoreAdc.NitroCommands\CoreAdc.NitroCommands.csproj", "{2C9169B9-3A90-4B68-8F86-0074A3E34CCF}"
EndProject
Project("{FAE04EC0-301F-11D3-BF4B-00C04F79EFBC}") = "CoreAdc.NitroModel", "CoreAdc.NitroModel\CoreAdc.NitroModel.csproj", "{37068189-D151-49F6-A4F9-90DCD7048078}"
EndProject
Project("{FAE04EC0-301F-11D3-BF4B-00C04F79EFBC}") = "CoreAdc.NitroOperations", "CoreAdc.NitroOperations\CoreAdc.NitroOperations.csproj", "{A07A3F4A-A7B1-4652-99C5-A26C11D94944}"
EndProject
Project("{FAE04EC0-301F-11D3-BF4B-00C04F79EFBC}") = "CoreAdc.NitroInterfaces", "CoreAdc.NitroInterfaces\CoreAdc.NitroInterfaces.csproj", "{CDB976B5-287D-4F75-A8F9-B1DD8C7EB566}"
EndProject
Project("{FAE04EC0-301F-11D3-BF4B-00C04F79EFBC}") = "CoreAdc.NitroCommon", "CoreAdc.NitroCommon\CoreAdc.NitroCommon.csproj", "{821C5086-9CA1-45B7-812B-99553B914D84}"
EndProject
Project("{FAE04EC0-301F-11D3-BF4B-00C04F79EFBC}") = "CoreAdc.NitroApiTests", "..\tests\CoreAdc.NitroApiTests\CoreAdc.NitroApiTests.csproj", "{A18B2CEF-1E34-4F3B-926D-A9D9AE21C813}"
EndProject
Project("{FAE04EC0-301F-11D3-BF4B-00C04F79EFBC}") = "CoreAdc.NitroClientTests", "..\tests\CoreAdc.NitroClientTests\CoreAdc.NitroClientTests.csproj", "{E8378F61-DE82-438B-9E48-8F70C365F158}"
EndProject
Project("{FAE04EC0-301F-11D3-BF4B-00C04F79EFBC}") = "CoreAdc.NitroCommandsTests", "..\tests\CoreAdc.NitroCommandsTests\CoreAdc.NitroCommandsTests.csproj", "{FCBB6BD0-95A5-4569-AB03-212D9A5A0DB6}"
EndProject
Project("{FAE04EC0-301F-11D3-BF4B-00C04F79EFBC}") = "CoreAdc.NitroCommonTests", "..\tests\CoreAdc.NitroCommonTests\CoreAdc.NitroCommonTests.csproj", "{458FDA76-8E3C-4512-A026-E7C2CCA979F9}"
EndProject
Project("{FAE04EC0-301F-11D3-BF4B-00C04F79EFBC}") = "CoreAdc.NitroModelTests", "..\tests\CoreAdc.NitroModelTests\CoreAdc.NitroModelTests.csproj", "{E1AE85BC-0656-454B-A6C1-D2986A4B57FE}"
EndProject
Global
	GlobalSection(SolutionConfigurationPlatforms) = preSolution
		Debug|Any CPU = Debug|Any CPU
		Release|Any CPU = Release|Any CPU
	EndGlobalSection
	GlobalSection(NestedProjects) = preSolution
		{18331E05-8B60-4DD2-9BD4-6C95613EE728} = {CB76BF2F-C3B4-453C-AB6E-FE61CF72C3FA}
		{76FE1134-628A-46CA-BC69-4B6180C7B893} = {CB76BF2F-C3B4-453C-AB6E-FE61CF72C3FA}
		{2C9169B9-3A90-4B68-8F86-0074A3E34CCF} = {CB76BF2F-C3B4-453C-AB6E-FE61CF72C3FA}
		{37068189-D151-49F6-A4F9-90DCD7048078} = {CB76BF2F-C3B4-453C-AB6E-FE61CF72C3FA}
		{A07A3F4A-A7B1-4652-99C5-A26C11D94944} = {CB76BF2F-C3B4-453C-AB6E-FE61CF72C3FA}
		{821C5086-9CA1-45B7-812B-99553B914D84} = {CB76BF2F-C3B4-453C-AB6E-FE61CF72C3FA}
		{CDB976B5-287D-4F75-A8F9-B1DD8C7EB566} = {CB76BF2F-C3B4-453C-AB6E-FE61CF72C3FA}
		{A18B2CEF-1E34-4F3B-926D-A9D9AE21C813} = {6527C3B6-C1DA-4325-B0F6-18AE7ACFD791}
		{E8378F61-DE82-438B-9E48-8F70C365F158} = {6527C3B6-C1DA-4325-B0F6-18AE7ACFD791}
		{FCBB6BD0-95A5-4569-AB03-212D9A5A0DB6} = {6527C3B6-C1DA-4325-B0F6-18AE7ACFD791}
		{458FDA76-8E3C-4512-A026-E7C2CCA979F9} = {6527C3B6-C1DA-4325-B0F6-18AE7ACFD791}
		{E1AE85BC-0656-454B-A6C1-D2986A4B57FE} = {6527C3B6-C1DA-4325-B0F6-18AE7ACFD791}
	EndGlobalSection
	GlobalSection(ProjectConfigurationPlatforms) = postSolution
		{18331E05-8B60-4DD2-9BD4-6C95613EE728}.Debug|Any CPU.ActiveCfg = Debug|Any CPU
		{18331E05-8B60-4DD2-9BD4-6C95613EE728}.Debug|Any CPU.Build.0 = Debug|Any CPU
		{18331E05-8B60-4DD2-9BD4-6C95613EE728}.Release|Any CPU.ActiveCfg = Release|Any CPU
		{18331E05-8B60-4DD2-9BD4-6C95613EE728}.Release|Any CPU.Build.0 = Release|Any CPU
		{76FE1134-628A-46CA-BC69-4B6180C7B893}.Debug|Any CPU.ActiveCfg = Debug|Any CPU
		{76FE1134-628A-46CA-BC69-4B6180C7B893}.Debug|Any CPU.Build.0 = Debug|Any CPU
		{76FE1134-628A-46CA-BC69-4B6180C7B893}.Release|Any CPU.ActiveCfg = Release|Any CPU
		{76FE1134-628A-46CA-BC69-4B6180C7B893}.Release|Any CPU.Build.0 = Release|Any CPU
		{2C9169B9-3A90-4B68-8F86-0074A3E34CCF}.Debug|Any CPU.ActiveCfg = Debug|Any CPU
		{2C9169B9-3A90-4B68-8F86-0074A3E34CCF}.Debug|Any CPU.Build.0 = Debug|Any CPU
		{2C9169B9-3A90-4B68-8F86-0074A3E34CCF}.Release|Any CPU.ActiveCfg = Release|Any CPU
		{2C9169B9-3A90-4B68-8F86-0074A3E34CCF}.Release|Any CPU.Build.0 = Release|Any CPU
		{37068189-D151-49F6-A4F9-90DCD7048078}.Debug|Any CPU.ActiveCfg = Debug|Any CPU
		{37068189-D151-49F6-A4F9-90DCD7048078}.Debug|Any CPU.Build.0 = Debug|Any CPU
		{37068189-D151-49F6-A4F9-90DCD7048078}.Release|Any CPU.ActiveCfg = Release|Any CPU
		{37068189-D151-49F6-A4F9-90DCD7048078}.Release|Any CPU.Build.0 = Release|Any CPU
		{A07A3F4A-A7B1-4652-99C5-A26C11D94944}.Debug|Any CPU.ActiveCfg = Debug|Any CPU
		{A07A3F4A-A7B1-4652-99C5-A26C11D94944}.Debug|Any CPU.Build.0 = Debug|Any CPU
		{A07A3F4A-A7B1-4652-99C5-A26C11D94944}.Release|Any CPU.ActiveCfg = Release|Any CPU
		{A07A3F4A-A7B1-4652-99C5-A26C11D94944}.Release|Any CPU.Build.0 = Release|Any CPU
		{CDB976B5-287D-4F75-A8F9-B1DD8C7EB566}.Debug|Any CPU.ActiveCfg = Debug|Any CPU
		{CDB976B5-287D-4F75-A8F9-B1DD8C7EB566}.Debug|Any CPU.Build.0 = Debug|Any CPU
		{CDB976B5-287D-4F75-A8F9-B1DD8C7EB566}.Release|Any CPU.ActiveCfg = Release|Any CPU
		{CDB976B5-287D-4F75-A8F9-B1DD8C7EB566}.Release|Any CPU.Build.0 = Release|Any CPU
		{821C5086-9CA1-45B7-812B-99553B914D84}.Debug|Any CPU.ActiveCfg = Debug|Any CPU
		{821C5086-9CA1-45B7-812B-99553B914D84}.Debug|Any CPU.Build.0 = Debug|Any CPU
		{821C5086-9CA1-45B7-812B-99553B914D84}.Release|Any CPU.ActiveCfg = Release|Any CPU
		{821C5086-9CA1-45B7-812B-99553B914D84}.Release|Any CPU.Build.0 = Release|Any CPU
		{A18B2CEF-1E34-4F3B-926D-A9D9AE21C813}.Debug|Any CPU.ActiveCfg = Debug|Any CPU
		{A18B2CEF-1E34-4F3B-926D-A9D9AE21C813}.Debug|Any CPU.Build.0 = Debug|Any CPU
		{A18B2CEF-1E34-4F3B-926D-A9D9AE21C813}.Release|Any CPU.ActiveCfg = Release|Any CPU
		{A18B2CEF-1E34-4F3B-926D-A9D9AE21C813}.Release|Any CPU.Build.0 = Release|Any CPU
		{E8378F61-DE82-438B-9E48-8F70C365F158}.Debug|Any CPU.ActiveCfg = Debug|Any CPU
		{E8378F61-DE82-438B-9E48-8F70C365F158}.Debug|Any CPU.Build.0 = Debug|Any CPU
		{E8378F61-DE82-438B-9E48-8F70C365F158}.Release|Any CPU.ActiveCfg = Release|Any CPU
		{E8378F61-DE82-438B-9E48-8F70C365F158}.Release|Any CPU.Build.0 = Release|Any CPU
		{FCBB6BD0-95A5-4569-AB03-212D9A5A0DB6}.Debug|Any CPU.ActiveCfg = Debug|Any CPU
		{FCBB6BD0-95A5-4569-AB03-212D9A5A0DB6}.Debug|Any CPU.Build.0 = Debug|Any CPU
		{FCBB6BD0-95A5-4569-AB03-212D9A5A0DB6}.Release|Any CPU.ActiveCfg = Release|Any CPU
		{FCBB6BD0-95A5-4569-AB03-212D9A5A0DB6}.Release|Any CPU.Build.0 = Release|Any CPU
		{458FDA76-8E3C-4512-A026-E7C2CCA979F9}.Debug|Any CPU.ActiveCfg = Debug|Any CPU
		{458FDA76-8E3C-4512-A026-E7C2CCA979F9}.Debug|Any CPU.Build.0 = Debug|Any CPU
		{458FDA76-8E3C-4512-A026-E7C2CCA979F9}.Release|Any CPU.ActiveCfg = Release|Any CPU
		{458FDA76-8E3C-4512-A026-E7C2CCA979F9}.Release|Any CPU.Build.0 = Release|Any CPU
		{E1AE85BC-0656-454B-A6C1-D2986A4B57FE}.Debug|Any CPU.ActiveCfg = Debug|Any CPU
		{E1AE85BC-0656-454B-A6C1-D2986A4B57FE}.Debug|Any CPU.Build.0 = Debug|Any CPU
		{E1AE85BC-0656-454B-A6C1-D2986A4B57FE}.Release|Any CPU.ActiveCfg = Release|Any CPU
		{E1AE85BC-0656-454B-A6C1-D2986A4B57FE}.Release|Any CPU.Build.0 = Release|Any CPU
	EndGlobalSection
EndGlobal
